// !$*UTF8*$!
{
	archiveVersion = 1;
	classes = {
	};
	objectVersion = 50;
	objects = {

/* Begin PBXBuildFile section */
		1A7A5D4121FA6AA70085901C /* AppDelegate.swift in Sources */ = {isa = PBXBuildFile; fileRef = 1A7A5D4021FA6AA70085901C /* AppDelegate.swift */; };
		1A7A5D4321FA6AA70085901C /* GameScene.sks in Resources */ = {isa = PBXBuildFile; fileRef = 1A7A5D4221FA6AA70085901C /* GameScene.sks */; };
		1A7A5D4521FA6AA70085901C /* Actions.sks in Resources */ = {isa = PBXBuildFile; fileRef = 1A7A5D4421FA6AA70085901C /* Actions.sks */; };
		1A7A5D4721FA6AA70085901C /* GameScene.swift in Sources */ = {isa = PBXBuildFile; fileRef = 1A7A5D4621FA6AA70085901C /* GameScene.swift */; };
		1A7A5D4921FA6AA70085901C /* GameViewController.swift in Sources */ = {isa = PBXBuildFile; fileRef = 1A7A5D4821FA6AA70085901C /* GameViewController.swift */; };
		1A7A5D4C21FA6AA70085901C /* Main.storyboard in Resources */ = {isa = PBXBuildFile; fileRef = 1A7A5D4A21FA6AA70085901C /* Main.storyboard */; };
		1A7A5D4E21FA6AA70085901C /* Assets.xcassets in Resources */ = {isa = PBXBuildFile; fileRef = 1A7A5D4D21FA6AA70085901C /* Assets.xcassets */; };
		1A7A5D5121FA6AA70085901C /* LaunchScreen.storyboard in Resources */ = {isa = PBXBuildFile; fileRef = 1A7A5D4F21FA6AA70085901C /* LaunchScreen.storyboard */; };
		1A7A5D5C21FA6AA70085901C /* MoblieGameTests.swift in Sources */ = {isa = PBXBuildFile; fileRef = 1A7A5D5B21FA6AA70085901C /* MoblieGameTests.swift */; };
		1A7A5D6721FA6AA70085901C /* MoblieGameUITests.swift in Sources */ = {isa = PBXBuildFile; fileRef = 1A7A5D6621FA6AA70085901C /* MoblieGameUITests.swift */; };
/* End PBXBuildFile section */

/* Begin PBXContainerItemProxy section */
		1A7A5D5821FA6AA70085901C /* PBXContainerItemProxy */ = {
			isa = PBXContainerItemProxy;
			containerPortal = 1A7A5D3521FA6AA70085901C /* Project object */;
			proxyType = 1;
			remoteGlobalIDString = 1A7A5D3C21FA6AA70085901C;
			remoteInfo = MoblieGame;
		};
		1A7A5D6321FA6AA70085901C /* PBXContainerItemProxy */ = {
			isa = PBXContainerItemProxy;
			containerPortal = 1A7A5D3521FA6AA70085901C /* Project object */;
			proxyType = 1;
			remoteGlobalIDString = 1A7A5D3C21FA6AA70085901C;
			remoteInfo = MoblieGame;
		};
/* End PBXContainerItemProxy section */

/* Begin PBXFileReference section */
		1A7A5D3D21FA6AA70085901C /* MoblieGame.app */ = {isa = PBXFileReference; explicitFileType = wrapper.application; includeInIndex = 0; path = MoblieGame.app; sourceTree = BUILT_PRODUCTS_DIR; };
		1A7A5D4021FA6AA70085901C /* AppDelegate.swift */ = {isa = PBXFileReference; lastKnownFileType = sourcecode.swift; path = AppDelegate.swift; sourceTree = "<group>"; };
		1A7A5D4221FA6AA70085901C /* GameScene.sks */ = {isa = PBXFileReference; lastKnownFileType = file.sks; path = GameScene.sks; sourceTree = "<group>"; };
		1A7A5D4421FA6AA70085901C /* Actions.sks */ = {isa = PBXFileReference; lastKnownFileType = file.sks; path = Actions.sks; sourceTree = "<group>"; };
		1A7A5D4621FA6AA70085901C /* GameScene.swift */ = {isa = PBXFileReference; lastKnownFileType = sourcecode.swift; path = GameScene.swift; sourceTree = "<group>"; };
		1A7A5D4821FA6AA70085901C /* GameViewController.swift */ = {isa = PBXFileReference; lastKnownFileType = sourcecode.swift; path = GameViewController.swift; sourceTree = "<group>"; };
		1A7A5D4B21FA6AA70085901C /* Base */ = {isa = PBXFileReference; lastKnownFileType = file.storyboard; name = Base; path = Base.lproj/Main.storyboard; sourceTree = "<group>"; };
		1A7A5D4D21FA6AA70085901C /* Assets.xcassets */ = {isa = PBXFileReference; lastKnownFileType = folder.assetcatalog; path = Assets.xcassets; sourceTree = "<group>"; };
		1A7A5D5021FA6AA70085901C /* Base */ = {isa = PBXFileReference; lastKnownFileType = file.storyboard; name = Base; path = Base.lproj/LaunchScreen.storyboard; sourceTree = "<group>"; };
		1A7A5D5221FA6AA70085901C /* Info.plist */ = {isa = PBXFileReference; lastKnownFileType = text.plist.xml; path = Info.plist; sourceTree = "<group>"; };
		1A7A5D5721FA6AA70085901C /* MoblieGameTests.xctest */ = {isa = PBXFileReference; explicitFileType = wrapper.cfbundle; includeInIndex = 0; path = MoblieGameTests.xctest; sourceTree = BUILT_PRODUCTS_DIR; };
		1A7A5D5B21FA6AA70085901C /* MoblieGameTests.swift */ = {isa = PBXFileReference; lastKnownFileType = sourcecode.swift; path = MoblieGameTests.swift; sourceTree = "<group>"; };
		1A7A5D5D21FA6AA70085901C /* Info.plist */ = {isa = PBXFileReference; lastKnownFileType = text.plist.xml; path = Info.plist; sourceTree = "<group>"; };
		1A7A5D6221FA6AA70085901C /* MoblieGameUITests.xctest */ = {isa = PBXFileReference; explicitFileType = wrapper.cfbundle; includeInIndex = 0; path = MoblieGameUITests.xctest; sourceTree = BUILT_PRODUCTS_DIR; };
		1A7A5D6621FA6AA70085901C /* MoblieGameUITests.swift */ = {isa = PBXFileReference; lastKnownFileType = sourcecode.swift; path = MoblieGameUITests.swift; sourceTree = "<group>"; };
		1A7A5D6821FA6AA70085901C /* Info.plist */ = {isa = PBXFileReference; lastKnownFileType = text.plist.xml; path = Info.plist; sourceTree = "<group>"; };
/* End PBXFileReference section */

/* Begin PBXFrameworksBuildPhase section */
		1A7A5D3A21FA6AA70085901C /* Frameworks */ = {
			isa = PBXFrameworksBuildPhase;
			buildActionMask = 2147483647;
			files = (
			);
			runOnlyForDeploymentPostprocessing = 0;
		};
		1A7A5D5421FA6AA70085901C /* Frameworks */ = {
			isa = PBXFrameworksBuildPhase;
			buildActionMask = 2147483647;
			files = (
			);
			runOnlyForDeploymentPostprocessing = 0;
		};
		1A7A5D5F21FA6AA70085901C /* Frameworks */ = {
			isa = PBXFrameworksBuildPhase;
			buildActionMask = 2147483647;
			files = (
			);
			runOnlyForDeploymentPostprocessing = 0;
		};
/* End PBXFrameworksBuildPhase section */

/* Begin PBXGroup section */
		1A7A5D3421FA6AA70085901C = {
			isa = PBXGroup;
			children = (
				1A7A5D3F21FA6AA70085901C /* MoblieGame */,
				1A7A5D5A21FA6AA70085901C /* MoblieGameTests */,
				1A7A5D6521FA6AA70085901C /* MoblieGameUITests */,
				1A7A5D3E21FA6AA70085901C /* Products */,
			);
			sourceTree = "<group>";
		};
		1A7A5D3E21FA6AA70085901C /* Products */ = {
			isa = PBXGroup;
			children = (
				1A7A5D3D21FA6AA70085901C /* MoblieGame.app */,
				1A7A5D5721FA6AA70085901C /* MoblieGameTests.xctest */,
				1A7A5D6221FA6AA70085901C /* MoblieGameUITests.xctest */,
			);
			name = Products;
			sourceTree = "<group>";
		};
		1A7A5D3F21FA6AA70085901C /* MoblieGame */ = {
			isa = PBXGroup;
			children = (
				1A7A5D4021FA6AA70085901C /* AppDelegate.swift */,
				1A7A5D4221FA6AA70085901C /* GameScene.sks */,
				1A7A5D4421FA6AA70085901C /* Actions.sks */,
				1A7A5D4621FA6AA70085901C /* GameScene.swift */,
				1A7A5D4821FA6AA70085901C /* GameViewController.swift */,
				1A7A5D4A21FA6AA70085901C /* Main.storyboard */,
				1A7A5D4D21FA6AA70085901C /* Assets.xcassets */,
				1A7A5D4F21FA6AA70085901C /* LaunchScreen.storyboard */,
				1A7A5D5221FA6AA70085901C /* Info.plist */,
			);
			path = MoblieGame;
			sourceTree = "<group>";
		};
		1A7A5D5A21FA6AA70085901C /* MoblieGameTests */ = {
			isa = PBXGroup;
			children = (
				1A7A5D5B21FA6AA70085901C /* MoblieGameTests.swift */,
				1A7A5D5D21FA6AA70085901C /* Info.plist */,
			);
			path = MoblieGameTests;
			sourceTree = "<group>";
		};
		1A7A5D6521FA6AA70085901C /* MoblieGameUITests */ = {
			isa = PBXGroup;
			children = (
				1A7A5D6621FA6AA70085901C /* MoblieGameUITests.swift */,
				1A7A5D6821FA6AA70085901C /* Info.plist */,
			);
			path = MoblieGameUITests;
			sourceTree = "<group>";
		};
/* End PBXGroup section */

/* Begin PBXNativeTarget section */
		1A7A5D3C21FA6AA70085901C /* MoblieGame */ = {
			isa = PBXNativeTarget;
			buildConfigurationList = 1A7A5D6B21FA6AA70085901C /* Build configuration list for PBXNativeTarget "MoblieGame" */;
			buildPhases = (
				1A7A5D3921FA6AA70085901C /* Sources */,
				1A7A5D3A21FA6AA70085901C /* Frameworks */,
				1A7A5D3B21FA6AA70085901C /* Resources */,
			);
			buildRules = (
			);
			dependencies = (
			);
			name = MoblieGame;
			productName = MoblieGame;
			productReference = 1A7A5D3D21FA6AA70085901C /* MoblieGame.app */;
			productType = "com.apple.product-type.application";
		};
		1A7A5D5621FA6AA70085901C /* MoblieGameTests */ = {
			isa = PBXNativeTarget;
			buildConfigurationList = 1A7A5D6E21FA6AA70085901C /* Build configuration list for PBXNativeTarget "MoblieGameTests" */;
			buildPhases = (
				1A7A5D5321FA6AA70085901C /* Sources */,
				1A7A5D5421FA6AA70085901C /* Frameworks */,
				1A7A5D5521FA6AA70085901C /* Resources */,
			);
			buildRules = (
			);
			dependencies = (
				1A7A5D5921FA6AA70085901C /* PBXTargetDependency */,
			);
			name = MoblieGameTests;
			productName = MoblieGameTests;
			productReference = 1A7A5D5721FA6AA70085901C /* MoblieGameTests.xctest */;
			productType = "com.apple.product-type.bundle.unit-test";
		};
		1A7A5D6121FA6AA70085901C /* MoblieGameUITests */ = {
			isa = PBXNativeTarget;
			buildConfigurationList = 1A7A5D7121FA6AA70085901C /* Build configuration list for PBXNativeTarget "MoblieGameUITests" */;
			buildPhases = (
				1A7A5D5E21FA6AA70085901C /* Sources */,
				1A7A5D5F21FA6AA70085901C /* Frameworks */,
				1A7A5D6021FA6AA70085901C /* Resources */,
			);
			buildRules = (
			);
			dependencies = (
				1A7A5D6421FA6AA70085901C /* PBXTargetDependency */,
			);
			name = MoblieGameUITests;
			productName = MoblieGameUITests;
			productReference = 1A7A5D6221FA6AA70085901C /* MoblieGameUITests.xctest */;
			productType = "com.apple.product-type.bundle.ui-testing";
		};
/* End PBXNativeTarget section */

/* Begin PBXProject section */
		1A7A5D3521FA6AA70085901C /* Project object */ = {
			isa = PBXProject;
			attributes = {
				LastSwiftUpdateCheck = 0940;
				LastUpgradeCheck = 0940;
				ORGANIZATIONNAME = "Ly Devon A.";
				TargetAttributes = {
					1A7A5D3C21FA6AA70085901C = {
						CreatedOnToolsVersion = 9.4.1;
					};
					1A7A5D5621FA6AA70085901C = {
						CreatedOnToolsVersion = 9.4.1;
						TestTargetID = 1A7A5D3C21FA6AA70085901C;
					};
					1A7A5D6121FA6AA70085901C = {
						CreatedOnToolsVersion = 9.4.1;
						TestTargetID = 1A7A5D3C21FA6AA70085901C;
					};
				};
			};
			buildConfigurationList = 1A7A5D3821FA6AA70085901C /* Build configuration list for PBXProject "MoblieGame" */;
			compatibilityVersion = "Xcode 9.3";
			developmentRegion = en;
			hasScannedForEncodings = 0;
			knownRegions = (
				en,
				Base,
			);
			mainGroup = 1A7A5D3421FA6AA70085901C;
			productRefGroup = 1A7A5D3E21FA6AA70085901C /* Products */;
			projectDirPath = "";
			projectRoot = "";
			targets = (
				1A7A5D3C21FA6AA70085901C /* MoblieGame */,
				1A7A5D5621FA6AA70085901C /* MoblieGameTests */,
				1A7A5D6121FA6AA70085901C /* MoblieGameUITests */,
			);
		};
/* End PBXProject section */

/* Begin PBXResourcesBuildPhase section */
		1A7A5D3B21FA6AA70085901C /* Resources */ = {
			isa = PBXResourcesBuildPhase;
			buildActionMask = 2147483647;
			files = (
				1A7A5D4C21FA6AA70085901C /* Main.storyboard in Resources */,
				1A7A5D4321FA6AA70085901C /* GameScene.sks in Resources */,
				1A7A5D4E21FA6AA70085901C /* Assets.xcassets in Resources */,
				1A7A5D5121FA6AA70085901C /* LaunchScreen.storyboard in Resources */,
				1A7A5D4521FA6AA70085901C /* Actions.sks in Resources */,
			);
			runOnlyForDeploymentPostprocessing = 0;
		};
		1A7A5D5521FA6AA70085901C /* Resources */ = {
			isa = PBXResourcesBuildPhase;
			buildActionMask = 2147483647;
			files = (
			);
			runOnlyForDeploymentPostprocessing = 0;
		};
		1A7A5D6021FA6AA70085901C /* Resources */ = {
			isa = PBXResourcesBuildPhase;
			buildActionMask = 2147483647;
			files = (
			);
			runOnlyForDeploymentPostprocessing = 0;
		};
/* End PBXResourcesBuildPhase section */

/* Begin PBXSourcesBuildPhase section */
		1A7A5D3921FA6AA70085901C /* Sources */ = {
			isa = PBXSourcesBuildPhase;
			buildActionMask = 2147483647;
			files = (
				1A7A5D4721FA6AA70085901C /* GameScene.swift in Sources */,
				1A7A5D4921FA6AA70085901C /* GameViewController.swift in Sources */,
				1A7A5D4121FA6AA70085901C /* AppDelegate.swift in Sources */,
			);
			runOnlyForDeploymentPostprocessing = 0;
		};
		1A7A5D5321FA6AA70085901C /* Sources */ = {
			isa = PBXSourcesBuildPhase;
			buildActionMask = 2147483647;
			files = (
				1A7A5D5C21FA6AA70085901C /* MoblieGameTests.swift in Sources */,
			);
			runOnlyForDeploymentPostprocessing = 0;
		};
		1A7A5D5E21FA6AA70085901C /* Sources */ = {
			isa = PBXSourcesBuildPhase;
			buildActionMask = 2147483647;
			files = (
				1A7A5D6721FA6AA70085901C /* MoblieGameUITests.swift in Sources */,
			);
			runOnlyForDeploymentPostprocessing = 0;
		};
/* End PBXSourcesBuildPhase section */

/* Begin PBXTargetDependency section */
		1A7A5D5921FA6AA70085901C /* PBXTargetDependency */ = {
			isa = PBXTargetDependency;
			target = 1A7A5D3C21FA6AA70085901C /* MoblieGame */;
			targetProxy = 1A7A5D5821FA6AA70085901C /* PBXContainerItemProxy */;
		};
		1A7A5D6421FA6AA70085901C /* PBXTargetDependency */ = {
			isa = PBXTargetDependency;
			target = 1A7A5D3C21FA6AA70085901C /* MoblieGame */;
			targetProxy = 1A7A5D6321FA6AA70085901C /* PBXContainerItemProxy */;
		};
/* End PBXTargetDependency section */

/* Begin PBXVariantGroup section */
		1A7A5D4A21FA6AA70085901C /* Main.storyboard */ = {
			isa = PBXVariantGroup;
			children = (
				1A7A5D4B21FA6AA70085901C /* Base */,
			);
			name = Main.storyboard;
			sourceTree = "<group>";
		};
		1A7A5D4F21FA6AA70085901C /* LaunchScreen.storyboard */ = {
			isa = PBXVariantGroup;
			children = (
				1A7A5D5021FA6AA70085901C /* Base */,
			);
			name = LaunchScreen.storyboard;
			sourceTree = "<group>";
		};
/* End PBXVariantGroup section */

/* Begin XCBuildConfiguration section */
		1A7A5D6921FA6AA70085901C /* Debug */ = {
			isa = XCBuildConfiguration;
			buildSettings = {
				ALWAYS_SEARCH_USER_PATHS = NO;
				CLANG_ANALYZER_NONNULL = YES;
				CLANG_ANALYZER_NUMBER_OBJECT_CONVERSION = YES_AGGRESSIVE;
				CLANG_CXX_LANGUAGE_STANDARD = "gnu++14";
				CLANG_CXX_LIBRARY = "libc++";
				CLANG_ENABLE_MODULES = YES;
				CLANG_ENABLE_OBJC_ARC = YES;
				CLANG_ENABLE_OBJC_WEAK = YES;
				CLANG_WARN_BLOCK_CAPTURE_AUTORELEASING = YES;
				CLANG_WARN_BOOL_CONVERSION = YES;
				CLANG_WARN_COMMA = YES;
				CLANG_WARN_CONSTANT_CONVERSION = YES;
				CLANG_WARN_DEPRECATED_OBJC_IMPLEMENTATIONS = YES;
				CLANG_WARN_DIRECT_OBJC_ISA_USAGE = YES_ERROR;
				CLANG_WARN_DOCUMENTATION_COMMENTS = YES;
				CLANG_WARN_EMPTY_BODY = YES;
				CLANG_WARN_ENUM_CONVERSION = YES;
				CLANG_WARN_INFINITE_RECURSION = YES;
				CLANG_WARN_INT_CONVERSION = YES;
				CLANG_WARN_NON_LITERAL_NULL_CONVERSION = YES;
				CLANG_WARN_OBJC_IMPLICIT_RETAIN_SELF = YES;
				CLANG_WARN_OBJC_LITERAL_CONVERSION = YES;
				CLANG_WARN_OBJC_ROOT_CLASS = YES_ERROR;
				CLANG_WARN_RANGE_LOOP_ANALYSIS = YES;
				CLANG_WARN_STRICT_PROTOTYPES = YES;
				CLANG_WARN_SUSPICIOUS_MOVE = YES;
				CLANG_WARN_UNGUARDED_AVAILABILITY = YES_AGGRESSIVE;
				CLANG_WARN_UNREACHABLE_CODE = YES;
				CLANG_WARN__DUPLICATE_METHOD_MATCH = YES;
				CODE_SIGN_IDENTITY = "iPhone Developer";
				COPY_PHASE_STRIP = NO;
				DEBUG_INFORMATION_FORMAT = dwarf;
				ENABLE_STRICT_OBJC_MSGSEND = YES;
				ENABLE_TESTABILITY = YES;
				GCC_C_LANGUAGE_STANDARD = gnu11;
				GCC_DYNAMIC_NO_PIC = NO;
				GCC_NO_COMMON_BLOCKS = YES;
				GCC_OPTIMIZATION_LEVEL = 0;
				GCC_PREPROCESSOR_DEFINITIONS = (
					"DEBUG=1",
					"$(inherited)",
				);
				GCC_WARN_64_TO_32_BIT_CONVERSION = YES;
				GCC_WARN_ABOUT_RETURN_TYPE = YES_ERROR;
				GCC_WARN_UNDECLARED_SELECTOR = YES;
				GCC_WARN_UNINITIALIZED_AUTOS = YES_AGGRESSIVE;
				GCC_WARN_UNUSED_FUNCTION = YES;
				GCC_WARN_UNUSED_VARIABLE = YES;
				IPHONEOS_DEPLOYMENT_TARGET = 11.4;
				MTL_ENABLE_DEBUG_INFO = YES;
				ONLY_ACTIVE_ARCH = YES;
				SDKROOT = iphoneos;
				SWIFT_ACTIVE_COMPILATION_CONDITIONS = DEBUG;
				SWIFT_OPTIMIZATION_LEVEL = "-Onone";
			};
			name = Debug;
		};
		1A7A5D6A21FA6AA70085901C /* Release */ = {
			isa = XCBuildConfiguration;
			buildSettings = {
				ALWAYS_SEARCH_USER_PATHS = NO;
				CLANG_ANALYZER_NONNULL = YES;
				CLANG_ANALYZER_NUMBER_OBJECT_CONVERSION = YES_AGGRESSIVE;
				CLANG_CXX_LANGUAGE_STANDARD = "gnu++14";
				CLANG_CXX_LIBRARY = "libc++";
				CLANG_ENABLE_MODULES = YES;
				CLANG_ENABLE_OBJC_ARC = YES;
				CLANG_ENABLE_OBJC_WEAK = YES;
				CLANG_WARN_BLOCK_CAPTURE_AUTORELEASING = YES;
				CLANG_WARN_BOOL_CONVERSION = YES;
				CLANG_WARN_COMMA = YES;
				CLANG_WARN_CONSTANT_CONVERSION = YES;
				CLANG_WARN_DEPRECATED_OBJC_IMPLEMENTATIONS = YES;
				CLANG_WARN_DIRECT_OBJC_ISA_USAGE = YES_ERROR;
				CLANG_WARN_DOCUMENTATION_COMMENTS = YES;
				CLANG_WARN_EMPTY_BODY = YES;
				CLANG_WARN_ENUM_CONVERSION = YES;
				CLANG_WARN_INFINITE_RECURSION = YES;
				CLANG_WARN_INT_CONVERSION = YES;
				CLANG_WARN_NON_LITERAL_NULL_CONVERSION = YES;
				CLANG_WARN_OBJC_IMPLICIT_RETAIN_SELF = YES;
				CLANG_WARN_OBJC_LITERAL_CONVERSION = YES;
				CLANG_WARN_OBJC_ROOT_CLASS = YES_ERROR;
				CLANG_WARN_RANGE_LOOP_ANALYSIS = YES;
				CLANG_WARN_STRICT_PROTOTYPES = YES;
				CLANG_WARN_SUSPICIOUS_MOVE = YES;
				CLANG_WARN_UNGUARDED_AVAILABILITY = YES_AGGRESSIVE;
				CLANG_WARN_UNREACHABLE_CODE = YES;
				CLANG_WARN__DUPLICATE_METHOD_MATCH = YES;
				CODE_SIGN_IDENTITY = "iPhone Developer";
				COPY_PHASE_STRIP = NO;
				DEBUG_INFORMATION_FORMAT = "dwarf-with-dsym";
				ENABLE_NS_ASSERTIONS = NO;
				ENABLE_STRICT_OBJC_MSGSEND = YES;
				GCC_C_LANGUAGE_STANDARD = gnu11;
				GCC_NO_COMMON_BLOCKS = YES;
				GCC_WARN_64_TO_32_BIT_CONVERSION = YES;
				GCC_WARN_ABOUT_RETURN_TYPE = YES_ERROR;
				GCC_WARN_UNDECLARED_SELECTOR = YES;
				GCC_WARN_UNINITIALIZED_AUTOS = YES_AGGRESSIVE;
				GCC_WARN_UNUSED_FUNCTION = YES;
				GCC_WARN_UNUSED_VARIABLE = YES;
				IPHONEOS_DEPLOYMENT_TARGET = 11.4;
				MTL_ENABLE_DEBUG_INFO = NO;
				SDKROOT = iphoneos;
				SWIFT_COMPILATION_MODE = wholemodule;
				SWIFT_OPTIMIZATION_LEVEL = "-O";
				VALIDATE_PRODUCT = YES;
			};
			name = Release;
		};
		1A7A5D6C21FA6AA70085901C /* Debug */ = {
			isa = XCBuildConfiguration;
			buildSettings = {
				ASSETCATALOG_COMPILER_APPICON_NAME = AppIcon;
				CODE_SIGN_STYLE = Automatic;
				INFOPLIST_FILE = MoblieGame/Info.plist;
				LD_RUNPATH_SEARCH_PATHS = (
					"$(inherited)",
					"@executable_path/Frameworks",
				);
				PRODUCT_BUNDLE_IDENTIFIER = com.PizzaBox.MoblieGame;
				PRODUCT_NAME = "$(TARGET_NAME)";
				SWIFT_VERSION = 4.0;
				TARGETED_DEVICE_FAMILY = "1,2";
			};
			name = Debug;
		};
		1A7A5D6D21FA6AA70085901C /* Release */ = {
			isa = XCBuildConfiguration;
			buildSettings = {
				ASSETCATALOG_COMPILER_APPICON_NAME = AppIcon;
				CODE_SIGN_STYLE = Automatic;
				INFOPLIST_FILE = MoblieGame/Info.plist;
				LD_RUNPATH_SEARCH_PATHS = (
					"$(inherited)",
					"@executable_path/Frameworks",
				);
				PRODUCT_BUNDLE_IDENTIFIER = com.PizzaBox.MoblieGame;
				PRODUCT_NAME = "$(TARGET_NAME)";
				SWIFT_VERSION = 4.0;
				TARGETED_DEVICE_FAMILY = "1,2";
			};
			name = Release;
		};
		1A7A5D6F21FA6AA70085901C /* Debug */ = {
			isa = XCBuildConfiguration;
			buildSettings = {
				ALWAYS_EMBED_SWIFT_STANDARD_LIBRARIES = YES;
				BUNDLE_LOADER = "$(TEST_HOST)";
				CODE_SIGN_STYLE = Automatic;
				INFOPLIST_FILE = MoblieGameTests/Info.plist;
				LD_RUNPATH_SEARCH_PATHS = (
					"$(inherited)",
					"@executable_path/Frameworks",
					"@loader_path/Frameworks",
				);
				PRODUCT_BUNDLE_IDENTIFIER = com.PizzaBox.MoblieGameTests;
				PRODUCT_NAME = "$(TARGET_NAME)";
				SWIFT_VERSION = 4.0;
				TARGETED_DEVICE_FAMILY = "1,2";
				TEST_HOST = "$(BUILT_PRODUCTS_DIR)/MoblieGame.app/MoblieGame";
			};
			name = Debug;
		};
		1A7A5D7021FA6AA70085901C /* Release */ = {
			isa = XCBuildConfiguration;
			buildSettings = {
				ALWAYS_EMBED_SWIFT_STANDARD_LIBRARIES = YES;
				BUNDLE_LOADER = "$(TEST_HOST)";
				CODE_SIGN_STYLE = Automatic;
				INFOPLIST_FILE = MoblieGameTests/Info.plist;
				LD_RUNPATH_SEARCH_PATHS = (
					"$(inherited)",
					"@executable_path/Frameworks",
					"@loader_path/Frameworks",
				);
				PRODUCT_BUNDLE_IDENTIFIER = com.PizzaBox.MoblieGameTests;
				PRODUCT_NAME = "$(TARGET_NAME)";
				SWIFT_VERSION = 4.0;
				TARGETED_DEVICE_FAMILY = "1,2";
				TEST_HOST = "$(BUILT_PRODUCTS_DIR)/MoblieGame.app/MoblieGame";
			};
			name = Release;
		};
		1A7A5D7221FA6AA70085901C /* Debug */ = {
			isa = XCBuildConfiguration;
			buildSettings = {
				ALWAYS_EMBED_SWIFT_STANDARD_LIBRARIES = YES;
				CODE_SIGN_STYLE = Automatic;
				INFOPLIST_FILE = MoblieGameUITests/Info.plist;
				LD_RUNPATH_SEARCH_PATHS = (
					"$(inherited)",
					"@executable_path/Frameworks",
					"@loader_path/Frameworks",
				);
				PRODUCT_BUNDLE_IDENTIFIER = com.PizzaBox.MoblieGameUITests;
				PRODUCT_NAME = "$(TARGET_NAME)";
				SWIFT_VERSION = 4.0;
				TARGETED_DEVICE_FAMILY = "1,2";
				TEST_TARGET_NAME = MoblieGame;
			};
			name = Debug;
		};
		1A7A5D7321FA6AA70085901C /* Release */ = {
			isa = XCBuildConfiguration;
			buildSettings = {
				ALWAYS_EMBED_SWIFT_STANDARD_LIBRARIES = YES;
				CODE_SIGN_STYLE = Automatic;
				INFOPLIST_FILE = MoblieGameUITests/Info.plist;
				LD_RUNPATH_SEARCH_PATHS = (
					"$(inherited)",
					"@executable_path/Frameworks",
					"@loader_path/Frameworks",
				);
				PRODUCT_BUNDLE_IDENTIFIER = com.PizzaBox.MoblieGameUITests;
				PRODUCT_NAME = "$(TARGET_NAME)";
				SWIFT_VERSION = 4.0;
				TARGETED_DEVICE_FAMILY = "1,2";
				TEST_TARGET_NAME = MoblieGame;
			};
			name = Release;
		};
/* End XCBuildConfiguration section */

/* Begin XCConfigurationList section */
		1A7A5D3821FA6AA70085901C /* Build configuration list for PBXProject "MoblieGame" */ = {
			isa = XCConfigurationList;
			buildConfigurations = (
				1A7A5D6921FA6AA70085901C /* Debug */,
				1A7A5D6A21FA6AA70085901C /* Release */,
			);
			defaultConfigurationIsVisible = 0;
			defaultConfigurationName = Release;
		};
		1A7A5D6B21FA6AA70085901C /* Build configuration list for PBXNativeTarget "MoblieGame" */ = {
			isa = XCConfigurationList;
			buildConfigurations = (
				1A7A5D6C21FA6AA70085901C /* Debug */,
				1A7A5D6D21FA6AA70085901C /* Release */,
			);
			defaultConfigurationIsVisible = 0;
			defaultConfigurationName = Release;
		};
		1A7A5D6E21FA6AA70085901C /* Build configuration list for PBXNativeTarget "MoblieGameTests" */ = {
			isa = XCConfigurationList;
			buildConfigurations = (
				1A7A5D6F21FA6AA70085901C /* Debug */,
				1A7A5D7021FA6AA70085901C /* Release */,
			);
			defaultConfigurationIsVisible = 0;
			defaultConfigurationName = Release;
		};
		1A7A5D7121FA6AA70085901C /* Build configuration list for PBXNativeTarget "MoblieGameUITests" */ = {
			isa = XCConfigurationList;
			buildConfigurations = (
				1A7A5D7221FA6AA70085901C /* Debug */,
				1A7A5D7321FA6AA70085901C /* Release */,
			);
			defaultConfigurationIsVisible = 0;
			defaultConfigurationName = Release;
		};
/* End XCConfigurationList section */
	};
	rootObject = 1A7A5D3521FA6AA70085901C /* Project object */;
}
